
Microsoft Visual Studio Solution File, Format Version 12.00
# Visual Studio Version 17
VisualStudioVersion = 17.11.35327.3
MinimumVisualStudioVersion = 10.0.40219.1
Project("{9A19103F-16F7-4668-BE54-9A1E7A4F7556}") = "Blogs", "Blogs\Blogs.csproj", "{08D0BC62-2DAE-4F7E-9200-DF3A6EECCDEB}"
EndProject
Project("{FAE04EC0-301F-11D3-BF4B-00C04F79EFBC}") = "Blog.AppHost", "Blog.AppHost\Blog.AppHost.csproj", "{07B7FDAB-A018-4392-9C1E-BF6E97F15210}"
EndProject
Project("{9A19103F-16F7-4668-BE54-9A1E7A4F7556}") = "Blog.ServiceDefaults", "Blog.ServiceDefaults\Blog.ServiceDefaults.csproj", "{01A12A4D-C26C-4762-A124-F1700347D648}"
EndProject
Project("{FAE04EC0-301F-11D3-BF4B-00C04F79EFBC}") = "BlogTest", "BlogTest\BlogTest.csproj", "{08541C01-C86B-4A2E-BA7F-9E2EB7689F99}"
EndProject
Global
	GlobalSection(SolutionConfigurationPlatforms) = preSolution
		Debug|Any CPU = Debug|Any CPU
		Release|Any CPU = Release|Any CPU
	EndGlobalSection
	GlobalSection(ProjectConfigurationPlatforms) = postSolution
		{08D0BC62-2DAE-4F7E-9200-DF3A6EECCDEB}.Debug|Any CPU.ActiveCfg = Debug|Any CPU
		{08D0BC62-2DAE-4F7E-9200-DF3A6EECCDEB}.Debug|Any CPU.Build.0 = Debug|Any CPU
		{08D0BC62-2DAE-4F7E-9200-DF3A6EECCDEB}.Release|Any CPU.ActiveCfg = Release|Any CPU
		{08D0BC62-2DAE-4F7E-9200-DF3A6EECCDEB}.Release|Any CPU.Build.0 = Release|Any CPU
		{07B7FDAB-A018-4392-9C1E-BF6E97F15210}.Debug|Any CPU.ActiveCfg = Debug|Any CPU
		{07B7FDAB-A018-4392-9C1E-BF6E97F15210}.Debug|Any CPU.Build.0 = Debug|Any CPU
		{07B7FDAB-A018-4392-9C1E-BF6E97F15210}.Release|Any CPU.ActiveCfg = Release|Any CPU
		{07B7FDAB-A018-4392-9C1E-BF6E97F15210}.Release|Any CPU.Build.0 = Release|Any CPU
		{01A12A4D-C26C-4762-A124-F1700347D648}.Debug|Any CPU.ActiveCfg = Debug|Any CPU
		{01A12A4D-C26C-4762-A124-F1700347D648}.Debug|Any CPU.Build.0 = Debug|Any CPU
		{01A12A4D-C26C-4762-A124-F1700347D648}.Release|Any CPU.ActiveCfg = Release|Any CPU
		{01A12A4D-C26C-4762-A124-F1700347D648}.Release|Any CPU.Build.0 = Release|Any CPU
		{08541C01-C86B-4A2E-BA7F-9E2EB7689F99}.Debug|Any CPU.ActiveCfg = Debug|Any CPU
		{08541C01-C86B-4A2E-BA7F-9E2EB7689F99}.Debug|Any CPU.Build.0 = Debug|Any CPU
		{08541C01-C86B-4A2E-BA7F-9E2EB7689F99}.Release|Any CPU.ActiveCfg = Release|Any CPU
		{08541C01-C86B-4A2E-BA7F-9E2EB7689F99}.Release|Any CPU.Build.0 = Release|Any CPU
	EndGlobalSection
	GlobalSection(SolutionProperties) = preSolution
		HideSolutionNode = FALSE
	EndGlobalSection
	GlobalSection(ExtensibilityGlobals) = postSolution
		SolutionGuid = {A93E58F6-A6ED-4D49-ABBC-63F2DEC2A8D2}
	EndGlobalSection
EndGlobal
